# THIS IS AN AUTOGENERATED FILE. DO NOT EDIT THIS FILE DIRECTLY.
# yarn lockfile v1


mobx-state-tree@^4.0.2:
  version "4.0.2"
  resolved "https://registry.yarnpkg.com/mobx-state-tree/-/mobx-state-tree-4.0.2.tgz#9b9635f17c1619164a00375a9692b326dd757c0a"
  integrity sha512-NLE2xPRqyWlCFGMSAY2vW7gqJTtkcMhavT7I8VoFxUy1Twr7ANqhQXrwoBL5UfhfAY7HhqKjkh8K+TUVeXPGeA==

mobx@^6.0.4:
  version "6.0.4"
  resolved "https://registry.yarnpkg.com/mobx/-/mobx-6.0.4.tgz#8fc3e3629a3346f8afddf5bd954411974744dad1"
  integrity sha512-wT2QJT9tW19VSHo9x7RPKU3z/I2Ps6wUS8Kb1OO+kzmg7UY3n4AkcaYG6jq95Lp1R9ohjC/NGYuT2PtuvBjhFg==
